
Microsoft Visual Studio Solution File, Format Version 12.00
# Visual Studio Version 16
VisualStudioVersion = 16.0.30114.105
MinimumVisualStudioVersion = 10.0.40219.1
Project("{FAE04EC0-301F-11D3-BF4B-00C04F79EFBC}") = "ServiciosWeb.WebAPI", "ServiciosWeb.WebAPI.csproj", "{046E1D3C-EB3B-4F4B-8093-828854FDE748}"
EndProject
Global
	GlobalSection(SolutionConfigurationPlatforms) = preSolution
		Debug|Any CPU = Debug|Any CPU
		Release|Any CPU = Release|Any CPU
	EndGlobalSection
	GlobalSection(ProjectConfigurationPlatforms) = postSolution
		{046E1D3C-EB3B-4F4B-8093-828854FDE748}.Debug|Any CPU.ActiveCfg = Debug|Any CPU
		{046E1D3C-EB3B-4F4B-8093-828854FDE748}.Debug|Any CPU.Build.0 = Debug|Any CPU
		{046E1D3C-EB3B-4F4B-8093-828854FDE748}.Release|Any CPU.ActiveCfg = Release|Any CPU
		{046E1D3C-EB3B-4F4B-8093-828854FDE748}.Release|Any CPU.Build.0 = Release|Any CPU
	EndGlobalSection
	GlobalSection(SolutionProperties) = preSolution
		HideSolutionNode = FALSE
	EndGlobalSection
	GlobalSection(ExtensibilityGlobals) = postSolution
		SolutionGuid = {2F93439A-403C-46FD-A115-422B2F42B6B8}
	EndGlobalSection
EndGlobal
